# generated by rye
# use `rye lock` or `rye sync` to update this lockfile
#
# last locked with the following flags:
#   pre: false
#   features: []
#   all-features: false
#   with-sources: false
#   generate-hashes: false
#   universal: false

-e file:.
alembic==1.13.2
    # via flask-alembic
    # via minichat
aniso8601==9.0.1
    # via flask-restful
annotated-types==0.6.0
    # via pydantic
anthropic==0.31.2
    # via minichat
anyio==4.3.0
    # via anthropic
    # via httpx
    # via openai
blinker==1.8.2
    # via flask
boto3==1.34.152
    # via minichat
botocore==1.34.152
    # via boto3
    # via s3transfer
certifi==2024.2.2
    # via httpcore
    # via httpx
    # via requests
charset-normalizer==3.3.2
    # via requests
click==8.1.7
    # via flask
    # via minichat
distro==1.9.0
    # via anthropic
    # via openai
exceptiongroup==1.2.0
    # via anyio
filelock==3.15.4
    # via huggingface-hub
flask==3.0.3
    # via flask-alembic
    # via flask-restful
    # via minichat
flask-alembic==3.1.0
    # via minichat
flask-restful==0.3.10
    # via minichat
fsspec==2024.6.1
    # via huggingface-hub
greenlet==3.0.3
    # via sqlalchemy
gunicorn==22.0.0
    # via minichat
h11==0.14.0
    # via httpcore
httpcore==1.0.4
    # via httpx
httpx==0.27.0
    # via anthropic
    # via openai
huggingface-hub==0.24.2
    # via tokenizers
idna==3.6
    # via anyio
    # via httpx
    # via requests
init==0.1.0
    # via minichat
itsdangerous==2.2.0
    # via flask
jinja2==3.1.4
    # via flask
jiter==0.5.0
    # via anthropic
jmespath==1.0.1
    # via boto3
    # via botocore
loguru==0.7.2
    # via minichat
mako==1.3.5
    # via alembic
markdown-it-py==3.0.0
    # via rich
markupsafe==2.1.5
    # via jinja2
    # via mako
    # via werkzeug
mdurl==0.1.2
    # via markdown-it-py
openai==1.14.0
    # via minichat
packaging==24.1
    # via gunicorn
    # via huggingface-hub
pydantic==2.7.1
    # via anthropic
    # via minichat
    # via openai
pydantic-core==2.18.2
    # via pydantic
pygments==2.17.2
    # via rich
python-dateutil==2.9.0.post0
    # via botocore
python-dotenv==1.0.1
    # via minichat
pytz==2024.1
    # via flask-restful
pyyaml==6.0.1
    # via huggingface-hub
    # via init
requests==2.31.0
    # via huggingface-hub
    # via minichat
rich==13.7.1
    # via minichat
s3transfer==0.10.2
    # via boto3
six==1.16.0
    # via flask-restful
    # via python-dateutil
sniffio==1.3.1
    # via anthropic
    # via anyio
    # via httpx
    # via openai
sqlalchemy==2.0.30
    # via alembic
    # via flask-alembic
    # via minichat
terminal==0.4.0
    # via init
tokenizers==0.19.1
    # via anthropic
tqdm==4.66.2
    # via huggingface-hub
    # via openai
typing-extensions==4.10.0
    # via alembic
    # via anthropic
    # via anyio
    # via huggingface-hub
    # via openai
    # via pydantic
    # via pydantic-core
    # via sqlalchemy
urllib3==2.2.1
    # via botocore
    # via requests
werkzeug==3.0.3
    # via flask
